
Microsoft Visual Studio Solution File, Format Version 12.00
# Visual Studio Version 16
VisualStudioVersion = 16.0.31613.86
MinimumVisualStudioVersion = 10.0.40219.1
Project("{9A19103F-16F7-4668-BE54-9A1E7A4F7556}") = "IntelHexFormatReader", "IntelHexFormatReader\IntelHexFormatReader.csproj", "{B08B7C2E-81CD-4033-9F80-26AEAAEB140E}"
EndProject
Project("{9A19103F-16F7-4668-BE54-9A1E7A4F7556}") = "IntelHexFormatReaderTests", "IntelHexFormatReaderTests\IntelHexFormatReaderTests.csproj", "{D87744BE-00B0-4C09-9B74-D3B5D8087441}"
EndProject
Global
	GlobalSection(SolutionConfigurationPlatforms) = preSolution
		Debug|Any CPU = Debug|Any CPU
		Debug|x64 = Debug|x64
		Debug|x86 = Debug|x86
		Release|Any CPU = Release|Any CPU
		Release|x64 = Release|x64
		Release|x86 = Release|x86
	EndGlobalSection
	GlobalSection(ProjectConfigurationPlatforms) = postSolution
		{B08B7C2E-81CD-4033-9F80-26AEAAEB140E}.Debug|Any CPU.ActiveCfg = Debug|Any CPU
		{B08B7C2E-81CD-4033-9F80-26AEAAEB140E}.Debug|Any CPU.Build.0 = Debug|Any CPU
		{B08B7C2E-81CD-4033-9F80-26AEAAEB140E}.Debug|x64.ActiveCfg = Debug|Any CPU
		{B08B7C2E-81CD-4033-9F80-26AEAAEB140E}.Debug|x64.Build.0 = Debug|Any CPU
		{B08B7C2E-81CD-4033-9F80-26AEAAEB140E}.Debug|x86.ActiveCfg = Debug|Any CPU
		{B08B7C2E-81CD-4033-9F80-26AEAAEB140E}.Debug|x86.Build.0 = Debug|Any CPU
		{B08B7C2E-81CD-4033-9F80-26AEAAEB140E}.Release|Any CPU.ActiveCfg = Release|Any CPU
		{B08B7C2E-81CD-4033-9F80-26AEAAEB140E}.Release|Any CPU.Build.0 = Release|Any CPU
		{B08B7C2E-81CD-4033-9F80-26AEAAEB140E}.Release|x64.ActiveCfg = Release|Any CPU
		{B08B7C2E-81CD-4033-9F80-26AEAAEB140E}.Release|x64.Build.0 = Release|Any CPU
		{B08B7C2E-81CD-4033-9F80-26AEAAEB140E}.Release|x86.ActiveCfg = Release|Any CPU
		{B08B7C2E-81CD-4033-9F80-26AEAAEB140E}.Release|x86.Build.0 = Release|Any CPU
		{D87744BE-00B0-4C09-9B74-D3B5D8087441}.Debug|Any CPU.ActiveCfg = Debug|Any CPU
		{D87744BE-00B0-4C09-9B74-D3B5D8087441}.Debug|Any CPU.Build.0 = Debug|Any CPU
		{D87744BE-00B0-4C09-9B74-D3B5D8087441}.Debug|x64.ActiveCfg = Debug|Any CPU
		{D87744BE-00B0-4C09-9B74-D3B5D8087441}.Debug|x64.Build.0 = Debug|Any CPU
		{D87744BE-00B0-4C09-9B74-D3B5D8087441}.Debug|x86.ActiveCfg = Debug|Any CPU
		{D87744BE-00B0-4C09-9B74-D3B5D8087441}.Debug|x86.Build.0 = Debug|Any CPU
		{D87744BE-00B0-4C09-9B74-D3B5D8087441}.Release|Any CPU.ActiveCfg = Release|Any CPU
		{D87744BE-00B0-4C09-9B74-D3B5D8087441}.Release|Any CPU.Build.0 = Release|Any CPU
		{D87744BE-00B0-4C09-9B74-D3B5D8087441}.Release|x64.ActiveCfg = Release|Any CPU
		{D87744BE-00B0-4C09-9B74-D3B5D8087441}.Release|x64.Build.0 = Release|Any CPU
		{D87744BE-00B0-4C09-9B74-D3B5D8087441}.Release|x86.ActiveCfg = Release|Any CPU
		{D87744BE-00B0-4C09-9B74-D3B5D8087441}.Release|x86.Build.0 = Release|Any CPU
	EndGlobalSection
	GlobalSection(SolutionProperties) = preSolution
		HideSolutionNode = FALSE
	EndGlobalSection
	GlobalSection(ExtensibilityGlobals) = postSolution
		SolutionGuid = {1E6475AD-451F-44F4-B259-F5F75ECF004F}
	EndGlobalSection
EndGlobal
